
Microsoft Visual Studio Solution File, Format Version 12.00
# Visual Studio 15
VisualStudioVersion = 15.0.27428.2015
MinimumVisualStudioVersion = 10.0.40219.1
Project("{F184B08F-C81C-45F6-A57F-5ABD9991F28F}") = "OverLoading", "OverLoading\OverLoading.vbproj", "{44CF217E-112D-42A7-B24C-7C239D8351DC}"
EndProject
Global
	GlobalSection(SolutionConfigurationPlatforms) = preSolution
		Debug|Any CPU = Debug|Any CPU
		Release|Any CPU = Release|Any CPU
	EndGlobalSection
	GlobalSection(ProjectConfigurationPlatforms) = postSolution
		{44CF217E-112D-42A7-B24C-7C239D8351DC}.Debug|Any CPU.ActiveCfg = Debug|Any CPU
		{44CF217E-112D-42A7-B24C-7C239D8351DC}.Debug|Any CPU.Build.0 = Debug|Any CPU
		{44CF217E-112D-42A7-B24C-7C239D8351DC}.Release|Any CPU.ActiveCfg = Release|Any CPU
		{44CF217E-112D-42A7-B24C-7C239D8351DC}.Release|Any CPU.Build.0 = Release|Any CPU
	EndGlobalSection
	GlobalSection(SolutionProperties) = preSolution
		HideSolutionNode = FALSE
	EndGlobalSection
	GlobalSection(ExtensibilityGlobals) = postSolution
		SolutionGuid = {18CC63BF-6EE8-47D8-8EB4-8C7DEE372675}
	EndGlobalSection
EndGlobal
